
Microsoft Visual Studio Solution File, Format Version 12.00
# Visual Studio Version 16
VisualStudioVersion = 16.0.29926.136
MinimumVisualStudioVersion = 10.0.40219.1
Project("{FAE04EC0-301F-11D3-BF4B-00C04F79EFBC}") = "apiMercadoPago", "apiMercadoPago\apiMercadoPago.csproj", "{1D305E39-003A-40CE-A30A-55D8EC371285}"
EndProject
Global
	GlobalSection(SolutionConfigurationPlatforms) = preSolution
		Debug|Any CPU = Debug|Any CPU
		Release|Any CPU = Release|Any CPU
	EndGlobalSection
	GlobalSection(ProjectConfigurationPlatforms) = postSolution
		{1D305E39-003A-40CE-A30A-55D8EC371285}.Debug|Any CPU.ActiveCfg = Debug|Any CPU
		{1D305E39-003A-40CE-A30A-55D8EC371285}.Debug|Any CPU.Build.0 = Debug|Any CPU
		{1D305E39-003A-40CE-A30A-55D8EC371285}.Release|Any CPU.ActiveCfg = Release|Any CPU
		{1D305E39-003A-40CE-A30A-55D8EC371285}.Release|Any CPU.Build.0 = Release|Any CPU
	EndGlobalSection
	GlobalSection(SolutionProperties) = preSolution
		HideSolutionNode = FALSE
	EndGlobalSection
	GlobalSection(ExtensibilityGlobals) = postSolution
		SolutionGuid = {BFC3E377-9D5B-4ACD-AD0A-DB1811A250BA}
	EndGlobalSection
EndGlobal
